
Microsoft Visual Studio Solution File, Format Version 12.00
# Visual Studio Version 17
VisualStudioVersion = 17.14.36518.9
MinimumVisualStudioVersion = 10.0.40219.1
Project("{8BC9CEB8-8B4A-11D0-8D11-00A0C91BC942}") = "CGWORK1032", "CGWORK1032.vcxproj", "{DE3E9CDD-1BF9-44AD-A9ED-C5DA62014C9D}"
EndProject
Global
	GlobalSection(SolutionConfigurationPlatforms) = preSolution
		Debug|x64 = Debug|x64
		Release|x64 = Release|x64
	EndGlobalSection
	GlobalSection(ProjectConfigurationPlatforms) = postSolution
		{DE3E9CDD-1BF9-44AD-A9ED-C5DA62014C9D}.Debug|x64.ActiveCfg = Debug|x64
		{DE3E9CDD-1BF9-44AD-A9ED-C5DA62014C9D}.Debug|x64.Build.0 = Debug|x64
		{DE3E9CDD-1BF9-44AD-A9ED-C5DA62014C9D}.Release|x64.ActiveCfg = Release|x64
		{DE3E9CDD-1BF9-44AD-A9ED-C5DA62014C9D}.Release|x64.Build.0 = Release|x64
	EndGlobalSection
	GlobalSection(SolutionProperties) = preSolution
		HideSolutionNode = FALSE
	EndGlobalSection
	GlobalSection(ExtensibilityGlobals) = postSolution
		SolutionGuid = {4BB92F20-8449-4645-B028-1156EFE9D01F}
	EndGlobalSection
EndGlobal
